
Microsoft Visual Studio Solution File, Format Version 12.00
# Visual Studio Version 17
VisualStudioVersion = 17.8.34408.163
MinimumVisualStudioVersion = 10.0.40219.1
Project("{FAE04EC0-301F-11D3-BF4B-00C04F79EFBC}") = "StyleForYou", "StyleForYou.csproj", "{248BBF0E-4785-4241-ADBD-A617C076C609}"
EndProject
Global
	GlobalSection(SolutionConfigurationPlatforms) = preSolution
		Debug|Any CPU = Debug|Any CPU
		Release|Any CPU = Release|Any CPU
	EndGlobalSection
	GlobalSection(ProjectConfigurationPlatforms) = postSolution
		{248BBF0E-4785-4241-ADBD-A617C076C609}.Debug|Any CPU.ActiveCfg = Debug|Any CPU
		{248BBF0E-4785-4241-ADBD-A617C076C609}.Debug|Any CPU.Build.0 = Debug|Any CPU
		{248BBF0E-4785-4241-ADBD-A617C076C609}.Release|Any CPU.ActiveCfg = Release|Any CPU
		{248BBF0E-4785-4241-ADBD-A617C076C609}.Release|Any CPU.Build.0 = Release|Any CPU
	EndGlobalSection
	GlobalSection(SolutionProperties) = preSolution
		HideSolutionNode = FALSE
	EndGlobalSection
	GlobalSection(ExtensibilityGlobals) = postSolution
		SolutionGuid = {DD499D3D-8272-424C-8F72-A16AE3DBD02A}
	EndGlobalSection
EndGlobal
