
Microsoft Visual Studio Solution File, Format Version 12.00
# Visual Studio Version 17
VisualStudioVersion = 17.8.34408.163
MinimumVisualStudioVersion = 10.0.40219.1
Project("{FAE04EC0-301F-11D3-BF4B-00C04F79EFBC}") = "cha1", "cha1.csproj", "{288F0EA2-D34F-4B2A-81B5-29F62B3A0570}"
EndProject
Global
	GlobalSection(SolutionConfigurationPlatforms) = preSolution
		Debug|Any CPU = Debug|Any CPU
		Release|Any CPU = Release|Any CPU
	EndGlobalSection
	GlobalSection(ProjectConfigurationPlatforms) = postSolution
		{288F0EA2-D34F-4B2A-81B5-29F62B3A0570}.Debug|Any CPU.ActiveCfg = Debug|Any CPU
		{288F0EA2-D34F-4B2A-81B5-29F62B3A0570}.Debug|Any CPU.Build.0 = Debug|Any CPU
		{288F0EA2-D34F-4B2A-81B5-29F62B3A0570}.Release|Any CPU.ActiveCfg = Release|Any CPU
		{288F0EA2-D34F-4B2A-81B5-29F62B3A0570}.Release|Any CPU.Build.0 = Release|Any CPU
	EndGlobalSection
	GlobalSection(SolutionProperties) = preSolution
		HideSolutionNode = FALSE
	EndGlobalSection
	GlobalSection(ExtensibilityGlobals) = postSolution
		SolutionGuid = {A8A94998-97AA-4ADF-86A4-0B46665ED2ED}
	EndGlobalSection
EndGlobal
